{
  "version": 4,
  "terraform_version": "1.8.5",
  "serial": 10,
  "lineage": "79a9ac3f-8012-7cb2-6024-2da1e9aaa95a",
  "outputs": {},
  "resources": [
    {
      "module": "module.nic-module[\"nic1\"]",
      "mode": "managed",
      "type": "azurerm_network_interface",
      "name": "sb-nic",
      "provider": "provider[\"registry.terraform.io/hashicorp/azurerm\"]",
      "instances": [
        {
          "schema_version": 0,
          "attributes": {
            "accelerated_networking_enabled": false,
            "applied_dns_servers": [],
            "auxiliary_mode": "",
            "auxiliary_sku": "",
            "dns_servers": [],
            "edge_zone": "",
            "enable_accelerated_networking": false,
            "enable_ip_forwarding": false,
            "id": "/subscriptions/6099f76e-2e6d-4e84-959b-7873b2d3cbae/resourceGroups/sb-rg/providers/Microsoft.Network/networkInterfaces/nic1",
            "internal_dns_name_label": "",
            "internal_domain_name_suffix": "qe2wir5xdvcutknewnojntiimf.tx.internal.cloudapp.net",
            "ip_configuration": [
              {
                "gateway_load_balancer_frontend_ip_configuration_id": "",
                "name": "nic1-ip",
                "primary": true,
                "private_ip_address": "10.0.0.4",
                "private_ip_address_allocation": "Dynamic",
                "private_ip_address_version": "IPv4",
                "public_ip_address_id": "",
                "subnet_id": "/subscriptions/6099f76e-2e6d-4e84-959b-7873b2d3cbae/resourceGroups/sb-rg/providers/Microsoft.Network/virtualNetworks/sb-vnet/subnets/subnet_A"
              }
            ],
            "ip_forwarding_enabled": false,
            "location": "southindia",
            "mac_address": "",
            "name": "nic1",
            "private_ip_address": "10.0.0.4",
            "private_ip_addresses": [
              "10.0.0.4"
            ],
            "resource_group_name": "sb-rg",
            "tags": null,
            "timeouts": null,
            "virtual_machine_id": ""
          },
          "sensitive_attributes": [],
          "private": "eyJlMmJmYjczMC1lY2FhLTExZTYtOGY4OC0zNDM2M2JjN2M0YzAiOnsiY3JlYXRlIjoxODAwMDAwMDAwMDAwLCJkZWxldGUiOjE4MDAwMDAwMDAwMDAsInJlYWQiOjMwMDAwMDAwMDAwMCwidXBkYXRlIjoxODAwMDAwMDAwMDAwfX0=",
          "dependencies": [
            "module.rg-module.azurerm_resource_group.sb-rg",
            "module.subnet-module.azurerm_subnet.sb-subnet",
            "module.vnet-module.azurerm_virtual_network.sb-vnet"
          ]
        }
      ]
    },
    {
      "module": "module.nic-module[\"nic2\"]",
      "mode": "managed",
      "type": "azurerm_network_interface",
      "name": "sb-nic",
      "provider": "provider[\"registry.terraform.io/hashicorp/azurerm\"]",
      "instances": [
        {
          "schema_version": 0,
          "attributes": {
            "accelerated_networking_enabled": false,
            "applied_dns_servers": [],
            "auxiliary_mode": "",
            "auxiliary_sku": "",
            "dns_servers": [],
            "edge_zone": "",
            "enable_accelerated_networking": false,
            "enable_ip_forwarding": false,
            "id": "/subscriptions/6099f76e-2e6d-4e84-959b-7873b2d3cbae/resourceGroups/sb-rg/providers/Microsoft.Network/networkInterfaces/nic2",
            "internal_dns_name_label": "",
            "internal_domain_name_suffix": "qe2wir5xdvcutknewnojntiimf.tx.internal.cloudapp.net",
            "ip_configuration": [
              {
                "gateway_load_balancer_frontend_ip_configuration_id": "",
                "name": "nic2-ip",
                "primary": true,
                "private_ip_address": "10.0.1.4",
                "private_ip_address_allocation": "Dynamic",
                "private_ip_address_version": "IPv4",
                "public_ip_address_id": "",
                "subnet_id": "/subscriptions/6099f76e-2e6d-4e84-959b-7873b2d3cbae/resourceGroups/sb-rg/providers/Microsoft.Network/virtualNetworks/sb-vnet/subnets/subnet_B"
              }
            ],
            "ip_forwarding_enabled": false,
            "location": "southindia",
            "mac_address": "",
            "name": "nic2",
            "private_ip_address": "10.0.1.4",
            "private_ip_addresses": [
              "10.0.1.4"
            ],
            "resource_group_name": "sb-rg",
            "tags": null,
            "timeouts": null,
            "virtual_machine_id": ""
          },
          "sensitive_attributes": [],
          "private": "eyJlMmJmYjczMC1lY2FhLTExZTYtOGY4OC0zNDM2M2JjN2M0YzAiOnsiY3JlYXRlIjoxODAwMDAwMDAwMDAwLCJkZWxldGUiOjE4MDAwMDAwMDAwMDAsInJlYWQiOjMwMDAwMDAwMDAwMCwidXBkYXRlIjoxODAwMDAwMDAwMDAwfX0=",
          "dependencies": [
            "module.rg-module.azurerm_resource_group.sb-rg",
            "module.subnet-module.azurerm_subnet.sb-subnet",
            "module.vnet-module.azurerm_virtual_network.sb-vnet"
          ]
        }
      ]
    },
    {
      "module": "module.rg-module",
      "mode": "managed",
      "type": "azurerm_resource_group",
      "name": "sb-rg",
      "provider": "provider[\"registry.terraform.io/hashicorp/azurerm\"]",
      "instances": [
        {
          "schema_version": 0,
          "attributes": {
            "id": "/subscriptions/6099f76e-2e6d-4e84-959b-7873b2d3cbae/resourceGroups/sb-rg",
            "location": "southindia",
            "managed_by": "",
            "name": "sb-rg",
            "tags": null,
            "timeouts": null
          },
          "sensitive_attributes": [],
          "private": "eyJlMmJmYjczMC1lY2FhLTExZTYtOGY4OC0zNDM2M2JjN2M0YzAiOnsiY3JlYXRlIjo1NDAwMDAwMDAwMDAwLCJkZWxldGUiOjU0MDAwMDAwMDAwMDAsInJlYWQiOjMwMDAwMDAwMDAwMCwidXBkYXRlIjo1NDAwMDAwMDAwMDAwfX0="
        }
      ]
    },
    {
      "module": "module.subnet-module[\"subnet_A\"]",
      "mode": "managed",
      "type": "azurerm_subnet",
      "name": "sb-subnet",
      "provider": "provider[\"registry.terraform.io/hashicorp/azurerm\"]",
      "instances": [
        {
          "schema_version": 0,
          "attributes": {
            "address_prefixes": [
              "10.0.0.0/24"
            ],
            "default_outbound_access_enabled": true,
            "delegation": [],
            "enforce_private_link_endpoint_network_policies": false,
            "enforce_private_link_service_network_policies": false,
            "id": "/subscriptions/6099f76e-2e6d-4e84-959b-7873b2d3cbae/resourceGroups/sb-rg/providers/Microsoft.Network/virtualNetworks/sb-vnet/subnets/subnet_A",
            "name": "subnet_A",
            "private_endpoint_network_policies": "Enabled",
            "private_endpoint_network_policies_enabled": true,
            "private_link_service_network_policies_enabled": true,
            "resource_group_name": "sb-rg",
            "service_endpoint_policy_ids": null,
            "service_endpoints": null,
            "timeouts": null,
            "virtual_network_name": "sb-vnet"
          },
          "sensitive_attributes": [],
          "private": "eyJlMmJmYjczMC1lY2FhLTExZTYtOGY4OC0zNDM2M2JjN2M0YzAiOnsiY3JlYXRlIjoxODAwMDAwMDAwMDAwLCJkZWxldGUiOjE4MDAwMDAwMDAwMDAsInJlYWQiOjMwMDAwMDAwMDAwMCwidXBkYXRlIjoxODAwMDAwMDAwMDAwfX0=",
          "dependencies": [
            "module.rg-module.azurerm_resource_group.sb-rg",
            "module.vnet-module.azurerm_virtual_network.sb-vnet"
          ]
        }
      ]
    },
    {
      "module": "module.subnet-module[\"subnet_B\"]",
      "mode": "managed",
      "type": "azurerm_subnet",
      "name": "sb-subnet",
      "provider": "provider[\"registry.terraform.io/hashicorp/azurerm\"]",
      "instances": [
        {
          "schema_version": 0,
          "attributes": {
            "address_prefixes": [
              "10.0.1.0/24"
            ],
            "default_outbound_access_enabled": true,
            "delegation": [],
            "enforce_private_link_endpoint_network_policies": false,
            "enforce_private_link_service_network_policies": false,
            "id": "/subscriptions/6099f76e-2e6d-4e84-959b-7873b2d3cbae/resourceGroups/sb-rg/providers/Microsoft.Network/virtualNetworks/sb-vnet/subnets/subnet_B",
            "name": "subnet_B",
            "private_endpoint_network_policies": "Enabled",
            "private_endpoint_network_policies_enabled": true,
            "private_link_service_network_policies_enabled": true,
            "resource_group_name": "sb-rg",
            "service_endpoint_policy_ids": null,
            "service_endpoints": null,
            "timeouts": null,
            "virtual_network_name": "sb-vnet"
          },
          "sensitive_attributes": [],
          "private": "eyJlMmJmYjczMC1lY2FhLTExZTYtOGY4OC0zNDM2M2JjN2M0YzAiOnsiY3JlYXRlIjoxODAwMDAwMDAwMDAwLCJkZWxldGUiOjE4MDAwMDAwMDAwMDAsInJlYWQiOjMwMDAwMDAwMDAwMCwidXBkYXRlIjoxODAwMDAwMDAwMDAwfX0=",
          "dependencies": [
            "module.rg-module.azurerm_resource_group.sb-rg",
            "module.vnet-module.azurerm_virtual_network.sb-vnet"
          ]
        }
      ]
    },
    {
      "module": "module.vm-module[\"backend-vm\"]",
      "mode": "managed",
      "type": "azurerm_virtual_machine",
      "name": "sb-vm",
      "provider": "provider[\"registry.terraform.io/hashicorp/azurerm\"]",
      "instances": [
        {
          "schema_version": 0,
          "attributes": {
            "additional_capabilities": [],
            "availability_set_id": null,
            "boot_diagnostics": [],
            "delete_data_disks_on_termination": false,
            "delete_os_disk_on_termination": false,
            "id": "/subscriptions/6099f76e-2e6d-4e84-959b-7873b2d3cbae/resourceGroups/sb-rg/providers/Microsoft.Compute/virtualMachines/backend-vm",
            "identity": [],
            "license_type": null,
            "location": "southindia",
            "name": "backend-vm",
            "network_interface_ids": [
              "/subscriptions/6099f76e-2e6d-4e84-959b-7873b2d3cbae/resourceGroups/sb-rg/providers/Microsoft.Network/networkInterfaces/nic2"
            ],
            "os_profile": [
              {
                "admin_password": "",
                "admin_username": "testadmin",
                "computer_name": "backend-vm",
                "custom_data": ""
              }
            ],
            "os_profile_linux_config": [
              {
                "disable_password_authentication": false,
                "ssh_keys": []
              }
            ],
            "os_profile_secrets": [],
            "os_profile_windows_config": [],
            "plan": [],
            "primary_network_interface_id": null,
            "proximity_placement_group_id": null,
            "resource_group_name": "sb-rg",
            "storage_data_disk": [],
            "storage_image_reference": [
              {
                "id": "",
                "offer": "0001-com-ubuntu-server-jammy",
                "publisher": "Canonical",
                "sku": "22_04-lts",
                "version": "latest"
              }
            ],
            "storage_os_disk": [
              {
                "caching": "ReadWrite",
                "create_option": "FromImage",
                "disk_size_gb": 30,
                "image_uri": "",
                "managed_disk_id": "/subscriptions/6099f76e-2e6d-4e84-959b-7873b2d3cbae/resourceGroups/sb-rg/providers/Microsoft.Compute/disks/backend-vm-disk",
                "managed_disk_type": "Standard_LRS",
                "name": "backend-vm-disk",
                "os_type": "Linux",
                "vhd_uri": "",
                "write_accelerator_enabled": false
              }
            ],
            "tags": {
              "environment": "dev"
            },
            "timeouts": null,
            "vm_size": "Standard_DS1_v2",
            "zones": null
          },
          "sensitive_attributes": [
            [
              {
                "type": "get_attr",
                "value": "os_profile"
              }
            ]
          ],
          "private": "eyJlMmJmYjczMC1lY2FhLTExZTYtOGY4OC0zNDM2M2JjN2M0YzAiOnsiY3JlYXRlIjozNjAwMDAwMDAwMDAwLCJkZWxldGUiOjM2MDAwMDAwMDAwMDAsInJlYWQiOjMwMDAwMDAwMDAwMCwidXBkYXRlIjozNjAwMDAwMDAwMDAwfX0=",
          "dependencies": [
            "module.nic-module.azurerm_network_interface.sb-nic",
            "module.rg-module.azurerm_resource_group.sb-rg",
            "module.subnet-module.azurerm_subnet.sb-subnet",
            "module.vnet-module.azurerm_virtual_network.sb-vnet"
          ]
        }
      ]
    },
    {
      "module": "module.vm-module[\"frontend-vm\"]",
      "mode": "managed",
      "type": "azurerm_virtual_machine",
      "name": "sb-vm",
      "provider": "provider[\"registry.terraform.io/hashicorp/azurerm\"]",
      "instances": [
        {
          "schema_version": 0,
          "attributes": {
            "additional_capabilities": [],
            "availability_set_id": null,
            "boot_diagnostics": [],
            "delete_data_disks_on_termination": false,
            "delete_os_disk_on_termination": false,
            "id": "/subscriptions/6099f76e-2e6d-4e84-959b-7873b2d3cbae/resourceGroups/sb-rg/providers/Microsoft.Compute/virtualMachines/frontend-vm",
            "identity": [],
            "license_type": null,
            "location": "southindia",
            "name": "frontend-vm",
            "network_interface_ids": [
              "/subscriptions/6099f76e-2e6d-4e84-959b-7873b2d3cbae/resourceGroups/sb-rg/providers/Microsoft.Network/networkInterfaces/nic1"
            ],
            "os_profile": [
              {
                "admin_password": "",
                "admin_username": "testadmin",
                "computer_name": "frontend-vm",
                "custom_data": ""
              }
            ],
            "os_profile_linux_config": [
              {
                "disable_password_authentication": false,
                "ssh_keys": []
              }
            ],
            "os_profile_secrets": [],
            "os_profile_windows_config": [],
            "plan": [],
            "primary_network_interface_id": null,
            "proximity_placement_group_id": null,
            "resource_group_name": "sb-rg",
            "storage_data_disk": [],
            "storage_image_reference": [
              {
                "id": "",
                "offer": "0001-com-ubuntu-server-jammy",
                "publisher": "Canonical",
                "sku": "22_04-lts",
                "version": "latest"
              }
            ],
            "storage_os_disk": [
              {
                "caching": "ReadWrite",
                "create_option": "FromImage",
                "disk_size_gb": 30,
                "image_uri": "",
                "managed_disk_id": "/subscriptions/6099f76e-2e6d-4e84-959b-7873b2d3cbae/resourceGroups/sb-rg/providers/Microsoft.Compute/disks/frontend-vm-disk",
                "managed_disk_type": "Standard_LRS",
                "name": "frontend-vm-disk",
                "os_type": "Linux",
                "vhd_uri": "",
                "write_accelerator_enabled": false
              }
            ],
            "tags": {
              "environment": "dev"
            },
            "timeouts": null,
            "vm_size": "Standard_DS1_v2",
            "zones": null
          },
          "sensitive_attributes": [
            [
              {
                "type": "get_attr",
                "value": "os_profile"
              }
            ]
          ],
          "private": "eyJlMmJmYjczMC1lY2FhLTExZTYtOGY4OC0zNDM2M2JjN2M0YzAiOnsiY3JlYXRlIjozNjAwMDAwMDAwMDAwLCJkZWxldGUiOjM2MDAwMDAwMDAwMDAsInJlYWQiOjMwMDAwMDAwMDAwMCwidXBkYXRlIjozNjAwMDAwMDAwMDAwfX0=",
          "dependencies": [
            "module.nic-module.azurerm_network_interface.sb-nic",
            "module.rg-module.azurerm_resource_group.sb-rg",
            "module.subnet-module.azurerm_subnet.sb-subnet",
            "module.vnet-module.azurerm_virtual_network.sb-vnet"
          ]
        }
      ]
    },
    {
      "module": "module.vnet-module",
      "mode": "managed",
      "type": "azurerm_virtual_network",
      "name": "sb-vnet",
      "provider": "provider[\"registry.terraform.io/hashicorp/azurerm\"]",
      "instances": [
        {
          "schema_version": 0,
          "attributes": {
            "address_space": [
              "10.0.0.0/16"
            ],
            "bgp_community": "",
            "ddos_protection_plan": [],
            "dns_servers": [],
            "edge_zone": "",
            "encryption": [],
            "flow_timeout_in_minutes": 0,
            "guid": "47643981-1df7-4945-a9a4-b35c96cd0865",
            "id": "/subscriptions/6099f76e-2e6d-4e84-959b-7873b2d3cbae/resourceGroups/sb-rg/providers/Microsoft.Network/virtualNetworks/sb-vnet",
            "location": "southindia",
            "name": "sb-vnet",
            "resource_group_name": "sb-rg",
            "subnet": [],
            "tags": null,
            "timeouts": null
          },
          "sensitive_attributes": [],
          "private": "eyJlMmJmYjczMC1lY2FhLTExZTYtOGY4OC0zNDM2M2JjN2M0YzAiOnsiY3JlYXRlIjoxODAwMDAwMDAwMDAwLCJkZWxldGUiOjE4MDAwMDAwMDAwMDAsInJlYWQiOjMwMDAwMDAwMDAwMCwidXBkYXRlIjoxODAwMDAwMDAwMDAwfX0=",
          "dependencies": [
            "module.rg-module.azurerm_resource_group.sb-rg"
          ]
        }
      ]
    }
  ],
  "check_results": null
}
