{
  "version": 4,
  "terraform_version": "1.8.5",
  "serial": 17,
  "lineage": "79a9ac3f-8012-7cb2-6024-2da1e9aaa95a",
  "outputs": {},
  "resources": [
    {
      "module": "module.rg-module",
      "mode": "managed",
      "type": "azurerm_resource_group",
      "name": "sb-rg",
      "provider": "provider[\"registry.terraform.io/hashicorp/azurerm\"]",
      "instances": [
        {
          "schema_version": 0,
          "attributes": {
            "id": "/subscriptions/6099f76e-2e6d-4e84-959b-7873b2d3cbae/resourceGroups/sb-rg",
            "location": "southindia",
            "managed_by": "",
            "name": "sb-rg",
            "tags": {},
            "timeouts": null
          },
          "sensitive_attributes": [],
          "private": "eyJlMmJmYjczMC1lY2FhLTExZTYtOGY4OC0zNDM2M2JjN2M0YzAiOnsiY3JlYXRlIjo1NDAwMDAwMDAwMDAwLCJkZWxldGUiOjU0MDAwMDAwMDAwMDAsInJlYWQiOjMwMDAwMDAwMDAwMCwidXBkYXRlIjo1NDAwMDAwMDAwMDAwfX0="
        }
      ]
    }
  ],
  "check_results": null
}
